// !$*UTF8*$!
{
	archiveVersion = 1;
	classes = {
	};
	objectVersion = 46;
	objects = {

/* Begin PBXBuildFile section */
		C90870041C842DEC00F86427 /* AppDelegate.swift in Sources */ = {isa = PBXBuildFile; fileRef = C90870031C842DEC00F86427 /* AppDelegate.swift */; };
		C90870061C842DEC00F86427 /* ViewController.swift in Sources */ = {isa = PBXBuildFile; fileRef = C90870051C842DEC00F86427 /* ViewController.swift */; };
		C90870091C842DEC00F86427 /* Main.storyboard in Resources */ = {isa = PBXBuildFile; fileRef = C90870071C842DEC00F86427 /* Main.storyboard */; };
		C908700C1C842DEC00F86427 /* FlyerPlane.xcdatamodeld in Sources */ = {isa = PBXBuildFile; fileRef = C908700A1C842DEC00F86427 /* FlyerPlane.xcdatamodeld */; };
		C908700E1C842DEC00F86427 /* Assets.xcassets in Resources */ = {isa = PBXBuildFile; fileRef = C908700D1C842DEC00F86427 /* Assets.xcassets */; };
		C90870111C842DEC00F86427 /* LaunchScreen.storyboard in Resources */ = {isa = PBXBuildFile; fileRef = C908700F1C842DEC00F86427 /* LaunchScreen.storyboard */; };
		C908701C1C842DEC00F86427 /* FlyerPlaneTests.swift in Sources */ = {isa = PBXBuildFile; fileRef = C908701B1C842DEC00F86427 /* FlyerPlaneTests.swift */; };
		C90870271C842DEC00F86427 /* FlyerPlaneUITests.swift in Sources */ = {isa = PBXBuildFile; fileRef = C90870261C842DEC00F86427 /* FlyerPlaneUITests.swift */; };
/* End PBXBuildFile section */

/* Begin PBXContainerItemProxy section */
		C90870181C842DEC00F86427 /* PBXContainerItemProxy */ = {
			isa = PBXContainerItemProxy;
			containerPortal = C9086FF81C842DEC00F86427 /* Project object */;
			proxyType = 1;
			remoteGlobalIDString = C9086FFF1C842DEC00F86427;
			remoteInfo = FlyerPlane;
		};
		C90870231C842DEC00F86427 /* PBXContainerItemProxy */ = {
			isa = PBXContainerItemProxy;
			containerPortal = C9086FF81C842DEC00F86427 /* Project object */;
			proxyType = 1;
			remoteGlobalIDString = C9086FFF1C842DEC00F86427;
			remoteInfo = FlyerPlane;
		};
/* End PBXContainerItemProxy section */

/* Begin PBXFileReference section */
		C90870001C842DEC00F86427 /* FlyerPlane.app */ = {isa = PBXFileReference; explicitFileType = wrapper.application; includeInIndex = 0; path = FlyerPlane.app; sourceTree = BUILT_PRODUCTS_DIR; };
		C90870031C842DEC00F86427 /* AppDelegate.swift */ = {isa = PBXFileReference; lastKnownFileType = sourcecode.swift; path = AppDelegate.swift; sourceTree = "<group>"; };
		C90870051C842DEC00F86427 /* ViewController.swift */ = {isa = PBXFileReference; lastKnownFileType = sourcecode.swift; path = ViewController.swift; sourceTree = "<group>"; };
		C90870081C842DEC00F86427 /* Base */ = {isa = PBXFileReference; lastKnownFileType = file.storyboard; name = Base; path = Base.lproj/Main.storyboard; sourceTree = "<group>"; };
		C908700B1C842DEC00F86427 /* FlyerPlane.xcdatamodel */ = {isa = PBXFileReference; lastKnownFileType = wrapper.xcdatamodel; path = FlyerPlane.xcdatamodel; sourceTree = "<group>"; };
		C908700D1C842DEC00F86427 /* Assets.xcassets */ = {isa = PBXFileReference; lastKnownFileType = folder.assetcatalog; path = Assets.xcassets; sourceTree = "<group>"; };
		C90870101C842DEC00F86427 /* Base */ = {isa = PBXFileReference; lastKnownFileType = file.storyboard; name = Base; path = Base.lproj/LaunchScreen.storyboard; sourceTree = "<group>"; };
		C90870121C842DEC00F86427 /* Info.plist */ = {isa = PBXFileReference; lastKnownFileType = text.plist.xml; path = Info.plist; sourceTree = "<group>"; };
		C90870171C842DEC00F86427 /* FlyerPlaneTests.xctest */ = {isa = PBXFileReference; explicitFileType = wrapper.cfbundle; includeInIndex = 0; path = FlyerPlaneTests.xctest; sourceTree = BUILT_PRODUCTS_DIR; };
		C908701B1C842DEC00F86427 /* FlyerPlaneTests.swift */ = {isa = PBXFileReference; lastKnownFileType = sourcecode.swift; path = FlyerPlaneTests.swift; sourceTree = "<group>"; };
		C908701D1C842DEC00F86427 /* Info.plist */ = {isa = PBXFileReference; lastKnownFileType = text.plist.xml; path = Info.plist; sourceTree = "<group>"; };
		C90870221C842DEC00F86427 /* FlyerPlaneUITests.xctest */ = {isa = PBXFileReference; explicitFileType = wrapper.cfbundle; includeInIndex = 0; path = FlyerPlaneUITests.xctest; sourceTree = BUILT_PRODUCTS_DIR; };
		C90870261C842DEC00F86427 /* FlyerPlaneUITests.swift */ = {isa = PBXFileReference; lastKnownFileType = sourcecode.swift; path = FlyerPlaneUITests.swift; sourceTree = "<group>"; };
		C90870281C842DEC00F86427 /* Info.plist */ = {isa = PBXFileReference; lastKnownFileType = text.plist.xml; path = Info.plist; sourceTree = "<group>"; };
/* End PBXFileReference section */

/* Begin PBXFrameworksBuildPhase section */
		C9086FFD1C842DEC00F86427 /* Frameworks */ = {
			isa = PBXFrameworksBuildPhase;
			buildActionMask = 2147483647;
			files = (
			);
			runOnlyForDeploymentPostprocessing = 0;
		};
		C90870141C842DEC00F86427 /* Frameworks */ = {
			isa = PBXFrameworksBuildPhase;
			buildActionMask = 2147483647;
			files = (
			);
			runOnlyForDeploymentPostprocessing = 0;
		};
		C908701F1C842DEC00F86427 /* Frameworks */ = {
			isa = PBXFrameworksBuildPhase;
			buildActionMask = 2147483647;
			files = (
			);
			runOnlyForDeploymentPostprocessing = 0;
		};
/* End PBXFrameworksBuildPhase section */

/* Begin PBXGroup section */
		C9086FF71C842DEC00F86427 = {
			isa = PBXGroup;
			children = (
				C90870021C842DEC00F86427 /* FlyerPlane */,
				C908701A1C842DEC00F86427 /* FlyerPlaneTests */,
				C90870251C842DEC00F86427 /* FlyerPlaneUITests */,
				C90870011C842DEC00F86427 /* Products */,
			);
			sourceTree = "<group>";
		};
		C90870011C842DEC00F86427 /* Products */ = {
			isa = PBXGroup;
			children = (
				C90870001C842DEC00F86427 /* FlyerPlane.app */,
				C90870171C842DEC00F86427 /* FlyerPlaneTests.xctest */,
				C90870221C842DEC00F86427 /* FlyerPlaneUITests.xctest */,
			);
			name = Products;
			sourceTree = "<group>";
		};
		C90870021C842DEC00F86427 /* FlyerPlane */ = {
			isa = PBXGroup;
			children = (
				C90870031C842DEC00F86427 /* AppDelegate.swift */,
				C90870051C842DEC00F86427 /* ViewController.swift */,
				C90870071C842DEC00F86427 /* Main.storyboard */,
				C908700D1C842DEC00F86427 /* Assets.xcassets */,
				C908700F1C842DEC00F86427 /* LaunchScreen.storyboard */,
				C90870121C842DEC00F86427 /* Info.plist */,
				C908700A1C842DEC00F86427 /* FlyerPlane.xcdatamodeld */,
			);
			path = FlyerPlane;
			sourceTree = "<group>";
		};
		C908701A1C842DEC00F86427 /* FlyerPlaneTests */ = {
			isa = PBXGroup;
			children = (
				C908701B1C842DEC00F86427 /* FlyerPlaneTests.swift */,
				C908701D1C842DEC00F86427 /* Info.plist */,
			);
			path = FlyerPlaneTests;
			sourceTree = "<group>";
		};
		C90870251C842DEC00F86427 /* FlyerPlaneUITests */ = {
			isa = PBXGroup;
			children = (
				C90870261C842DEC00F86427 /* FlyerPlaneUITests.swift */,
				C90870281C842DEC00F86427 /* Info.plist */,
			);
			path = FlyerPlaneUITests;
			sourceTree = "<group>";
		};
/* End PBXGroup section */

/* Begin PBXNativeTarget section */
		C9086FFF1C842DEC00F86427 /* FlyerPlane */ = {
			isa = PBXNativeTarget;
			buildConfigurationList = C908702B1C842DEC00F86427 /* Build configuration list for PBXNativeTarget "FlyerPlane" */;
			buildPhases = (
				C9086FFC1C842DEC00F86427 /* Sources */,
				C9086FFD1C842DEC00F86427 /* Frameworks */,
				C9086FFE1C842DEC00F86427 /* Resources */,
			);
			buildRules = (
			);
			dependencies = (
			);
			name = FlyerPlane;
			productName = FlyerPlane;
			productReference = C90870001C842DEC00F86427 /* FlyerPlane.app */;
			productType = "com.apple.product-type.application";
		};
		C90870161C842DEC00F86427 /* FlyerPlaneTests */ = {
			isa = PBXNativeTarget;
			buildConfigurationList = C908702E1C842DEC00F86427 /* Build configuration list for PBXNativeTarget "FlyerPlaneTests" */;
			buildPhases = (
				C90870131C842DEC00F86427 /* Sources */,
				C90870141C842DEC00F86427 /* Frameworks */,
				C90870151C842DEC00F86427 /* Resources */,
			);
			buildRules = (
			);
			dependencies = (
				C90870191C842DEC00F86427 /* PBXTargetDependency */,
			);
			name = FlyerPlaneTests;
			productName = FlyerPlaneTests;
			productReference = C90870171C842DEC00F86427 /* FlyerPlaneTests.xctest */;
			productType = "com.apple.product-type.bundle.unit-test";
		};
		C90870211C842DEC00F86427 /* FlyerPlaneUITests */ = {
			isa = PBXNativeTarget;
			buildConfigurationList = C90870311C842DEC00F86427 /* Build configuration list for PBXNativeTarget "FlyerPlaneUITests" */;
			buildPhases = (
				C908701E1C842DEC00F86427 /* Sources */,
				C908701F1C842DEC00F86427 /* Frameworks */,
				C90870201C842DEC00F86427 /* Resources */,
			);
			buildRules = (
			);
			dependencies = (
				C90870241C842DEC00F86427 /* PBXTargetDependency */,
			);
			name = FlyerPlaneUITests;
			productName = FlyerPlaneUITests;
			productReference = C90870221C842DEC00F86427 /* FlyerPlaneUITests.xctest */;
			productType = "com.apple.product-type.bundle.ui-testing";
		};
/* End PBXNativeTarget section */

/* Begin PBXProject section */
		C9086FF81C842DEC00F86427 /* Project object */ = {
			isa = PBXProject;
			attributes = {
				LastSwiftUpdateCheck = 0720;
				LastUpgradeCheck = 0720;
				ORGANIZATIONNAME = "Vishal Gupta";
				TargetAttributes = {
					C9086FFF1C842DEC00F86427 = {
						CreatedOnToolsVersion = 7.2;
					};
					C90870161C842DEC00F86427 = {
						CreatedOnToolsVersion = 7.2;
						TestTargetID = C9086FFF1C842DEC00F86427;
					};
					C90870211C842DEC00F86427 = {
						CreatedOnToolsVersion = 7.2;
						TestTargetID = C9086FFF1C842DEC00F86427;
					};
				};
			};
			buildConfigurationList = C9086FFB1C842DEC00F86427 /* Build configuration list for PBXProject "FlyerPlane" */;
			compatibilityVersion = "Xcode 3.2";
			developmentRegion = English;
			hasScannedForEncodings = 0;
			knownRegions = (
				en,
				Base,
			);
			mainGroup = C9086FF71C842DEC00F86427;
			productRefGroup = C90870011C842DEC00F86427 /* Products */;
			projectDirPath = "";
			projectRoot = "";
			targets = (
				C9086FFF1C842DEC00F86427 /* FlyerPlane */,
				C90870161C842DEC00F86427 /* FlyerPlaneTests */,
				C90870211C842DEC00F86427 /* FlyerPlaneUITests */,
			);
		};
/* End PBXProject section */

/* Begin PBXResourcesBuildPhase section */
		C9086FFE1C842DEC00F86427 /* Resources */ = {
			isa = PBXResourcesBuildPhase;
			buildActionMask = 2147483647;
			files = (
				C90870111C842DEC00F86427 /* LaunchScreen.storyboard in Resources */,
				C908700E1C842DEC00F86427 /* Assets.xcassets in Resources */,
				C90870091C842DEC00F86427 /* Main.storyboard in Resources */,
			);
			runOnlyForDeploymentPostprocessing = 0;
		};
		C90870151C842DEC00F86427 /* Resources */ = {
			isa = PBXResourcesBuildPhase;
			buildActionMask = 2147483647;
			files = (
			);
			runOnlyForDeploymentPostprocessing = 0;
		};
		C90870201C842DEC00F86427 /* Resources */ = {
			isa = PBXResourcesBuildPhase;
			buildActionMask = 2147483647;
			files = (
			);
			runOnlyForDeploymentPostprocessing = 0;
		};
/* End PBXResourcesBuildPhase section */

/* Begin PBXSourcesBuildPhase section */
		C9086FFC1C842DEC00F86427 /* Sources */ = {
			isa = PBXSourcesBuildPhase;
			buildActionMask = 2147483647;
			files = (
				C90870061C842DEC00F86427 /* ViewController.swift in Sources */,
				C90870041C842DEC00F86427 /* AppDelegate.swift in Sources */,
				C908700C1C842DEC00F86427 /* FlyerPlane.xcdatamodeld in Sources */,
			);
			runOnlyForDeploymentPostprocessing = 0;
		};
		C90870131C842DEC00F86427 /* Sources */ = {
			isa = PBXSourcesBuildPhase;
			buildActionMask = 2147483647;
			files = (
				C908701C1C842DEC00F86427 /* FlyerPlaneTests.swift in Sources */,
			);
			runOnlyForDeploymentPostprocessing = 0;
		};
		C908701E1C842DEC00F86427 /* Sources */ = {
			isa = PBXSourcesBuildPhase;
			buildActionMask = 2147483647;
			files = (
				C90870271C842DEC00F86427 /* FlyerPlaneUITests.swift in Sources */,
			);
			runOnlyForDeploymentPostprocessing = 0;
		};
/* End PBXSourcesBuildPhase section */

/* Begin PBXTargetDependency section */
		C90870191C842DEC00F86427 /* PBXTargetDependency */ = {
			isa = PBXTargetDependency;
			target = C9086FFF1C842DEC00F86427 /* FlyerPlane */;
			targetProxy = C90870181C842DEC00F86427 /* PBXContainerItemProxy */;
		};
		C90870241C842DEC00F86427 /* PBXTargetDependency */ = {
			isa = PBXTargetDependency;
			target = C9086FFF1C842DEC00F86427 /* FlyerPlane */;
			targetProxy = C90870231C842DEC00F86427 /* PBXContainerItemProxy */;
		};
/* End PBXTargetDependency section */

/* Begin PBXVariantGroup section */
		C90870071C842DEC00F86427 /* Main.storyboard */ = {
			isa = PBXVariantGroup;
			children = (
				C90870081C842DEC00F86427 /* Base */,
			);
			name = Main.storyboard;
			sourceTree = "<group>";
		};
		C908700F1C842DEC00F86427 /* LaunchScreen.storyboard */ = {
			isa = PBXVariantGroup;
			children = (
				C90870101C842DEC00F86427 /* Base */,
			);
			name = LaunchScreen.storyboard;
			sourceTree = "<group>";
		};
/* End PBXVariantGroup section */

/* Begin XCBuildConfiguration section */
		C90870291C842DEC00F86427 /* Debug */ = {
			isa = XCBuildConfiguration;
			buildSettings = {
				ALWAYS_SEARCH_USER_PATHS = NO;
				CLANG_CXX_LANGUAGE_STANDARD = "gnu++0x";
				CLANG_CXX_LIBRARY = "libc++";
				CLANG_ENABLE_MODULES = YES;
				CLANG_ENABLE_OBJC_ARC = YES;
				CLANG_WARN_BOOL_CONVERSION = YES;
				CLANG_WARN_CONSTANT_CONVERSION = YES;
				CLANG_WARN_DIRECT_OBJC_ISA_USAGE = YES_ERROR;
				CLANG_WARN_EMPTY_BODY = YES;
				CLANG_WARN_ENUM_CONVERSION = YES;
				CLANG_WARN_INT_CONVERSION = YES;
				CLANG_WARN_OBJC_ROOT_CLASS = YES_ERROR;
				CLANG_WARN_UNREACHABLE_CODE = YES;
				CLANG_WARN__DUPLICATE_METHOD_MATCH = YES;
				"CODE_SIGN_IDENTITY[sdk=iphoneos*]" = "iPhone Developer";
				COPY_PHASE_STRIP = NO;
				DEBUG_INFORMATION_FORMAT = dwarf;
				ENABLE_STRICT_OBJC_MSGSEND = YES;
				ENABLE_TESTABILITY = YES;
				GCC_C_LANGUAGE_STANDARD = gnu99;
				GCC_DYNAMIC_NO_PIC = NO;
				GCC_NO_COMMON_BLOCKS = YES;
				GCC_OPTIMIZATION_LEVEL = 0;
				GCC_PREPROCESSOR_DEFINITIONS = (
					"DEBUG=1",
					"$(inherited)",
				);
				GCC_WARN_64_TO_32_BIT_CONVERSION = YES;
				GCC_WARN_ABOUT_RETURN_TYPE = YES_ERROR;
				GCC_WARN_UNDECLARED_SELECTOR = YES;
				GCC_WARN_UNINITIALIZED_AUTOS = YES_AGGRESSIVE;
				GCC_WARN_UNUSED_FUNCTION = YES;
				GCC_WARN_UNUSED_VARIABLE = YES;
				IPHONEOS_DEPLOYMENT_TARGET = 9.2;
				MTL_ENABLE_DEBUG_INFO = YES;
				ONLY_ACTIVE_ARCH = YES;
				SDKROOT = iphoneos;
				SWIFT_OPTIMIZATION_LEVEL = "-Onone";
				TARGETED_DEVICE_FAMILY = "1,2";
			};
			name = Debug;
		};
		C908702A1C842DEC00F86427 /* Release */ = {
			isa = XCBuildConfiguration;
			buildSettings = {
				ALWAYS_SEARCH_USER_PATHS = NO;
				CLANG_CXX_LANGUAGE_STANDARD = "gnu++0x";
				CLANG_CXX_LIBRARY = "libc++";
				CLANG_ENABLE_MODULES = YES;
				CLANG_ENABLE_OBJC_ARC = YES;
				CLANG_WARN_BOOL_CONVERSION = YES;
				CLANG_WARN_CONSTANT_CONVERSION = YES;
				CLANG_WARN_DIRECT_OBJC_ISA_USAGE = YES_ERROR;
				CLANG_WARN_EMPTY_BODY = YES;
				CLANG_WARN_ENUM_CONVERSION = YES;
				CLANG_WARN_INT_CONVERSION = YES;
				CLANG_WARN_OBJC_ROOT_CLASS = YES_ERROR;
				CLANG_WARN_UNREACHABLE_CODE = YES;
				CLANG_WARN__DUPLICATE_METHOD_MATCH = YES;
				"CODE_SIGN_IDENTITY[sdk=iphoneos*]" = "iPhone Developer";
				COPY_PHASE_STRIP = NO;
				DEBUG_INFORMATION_FORMAT = "dwarf-with-dsym";
				ENABLE_NS_ASSERTIONS = NO;
				ENABLE_STRICT_OBJC_MSGSEND = YES;
				GCC_C_LANGUAGE_STANDARD = gnu99;
				GCC_NO_COMMON_BLOCKS = YES;
				GCC_WARN_64_TO_32_BIT_CONVERSION = YES;
				GCC_WARN_ABOUT_RETURN_TYPE = YES_ERROR;
				GCC_WARN_UNDECLARED_SELECTOR = YES;
				GCC_WARN_UNINITIALIZED_AUTOS = YES_AGGRESSIVE;
				GCC_WARN_UNUSED_FUNCTION = YES;
				GCC_WARN_UNUSED_VARIABLE = YES;
				IPHONEOS_DEPLOYMENT_TARGET = 9.2;
				MTL_ENABLE_DEBUG_INFO = NO;
				SDKROOT = iphoneos;
				TARGETED_DEVICE_FAMILY = "1,2";
				VALIDATE_PRODUCT = YES;
			};
			name = Release;
		};
		C908702C1C842DEC00F86427 /* Debug */ = {
			isa = XCBuildConfiguration;
			buildSettings = {
				ASSETCATALOG_COMPILER_APPICON_NAME = AppIcon;
				INFOPLIST_FILE = FlyerPlane/Info.plist;
				LD_RUNPATH_SEARCH_PATHS = "$(inherited) @executable_path/Frameworks";
				PRODUCT_BUNDLE_IDENTIFIER = com.ameba.FlyerPlane;
				PRODUCT_NAME = "$(TARGET_NAME)";
			};
			name = Debug;
		};
		C908702D1C842DEC00F86427 /* Release */ = {
			isa = XCBuildConfiguration;
			buildSettings = {
				ASSETCATALOG_COMPILER_APPICON_NAME = AppIcon;
				INFOPLIST_FILE = FlyerPlane/Info.plist;
				LD_RUNPATH_SEARCH_PATHS = "$(inherited) @executable_path/Frameworks";
				PRODUCT_BUNDLE_IDENTIFIER = com.ameba.FlyerPlane;
				PRODUCT_NAME = "$(TARGET_NAME)";
			};
			name = Release;
		};
		C908702F1C842DEC00F86427 /* Debug */ = {
			isa = XCBuildConfiguration;
			buildSettings = {
				BUNDLE_LOADER = "$(TEST_HOST)";
				INFOPLIST_FILE = FlyerPlaneTests/Info.plist;
				LD_RUNPATH_SEARCH_PATHS = "$(inherited) @executable_path/Frameworks @loader_path/Frameworks";
				PRODUCT_BUNDLE_IDENTIFIER = com.ameba.FlyerPlaneTests;
				PRODUCT_NAME = "$(TARGET_NAME)";
				TEST_HOST = "$(BUILT_PRODUCTS_DIR)/FlyerPlane.app/FlyerPlane";
			};
			name = Debug;
		};
		C90870301C842DEC00F86427 /* Release */ = {
			isa = XCBuildConfiguration;
			buildSettings = {
				BUNDLE_LOADER = "$(TEST_HOST)";
				INFOPLIST_FILE = FlyerPlaneTests/Info.plist;
				LD_RUNPATH_SEARCH_PATHS = "$(inherited) @executable_path/Frameworks @loader_path/Frameworks";
				PRODUCT_BUNDLE_IDENTIFIER = com.ameba.FlyerPlaneTests;
				PRODUCT_NAME = "$(TARGET_NAME)";
				TEST_HOST = "$(BUILT_PRODUCTS_DIR)/FlyerPlane.app/FlyerPlane";
			};
			name = Release;
		};
		C90870321C842DEC00F86427 /* Debug */ = {
			isa = XCBuildConfiguration;
			buildSettings = {
				INFOPLIST_FILE = FlyerPlaneUITests/Info.plist;
				LD_RUNPATH_SEARCH_PATHS = "$(inherited) @executable_path/Frameworks @loader_path/Frameworks";
				PRODUCT_BUNDLE_IDENTIFIER = com.ameba.FlyerPlaneUITests;
				PRODUCT_NAME = "$(TARGET_NAME)";
				TEST_TARGET_NAME = FlyerPlane;
				USES_XCTRUNNER = YES;
			};
			name = Debug;
		};
		C90870331C842DEC00F86427 /* Release */ = {
			isa = XCBuildConfiguration;
			buildSettings = {
				INFOPLIST_FILE = FlyerPlaneUITests/Info.plist;
				LD_RUNPATH_SEARCH_PATHS = "$(inherited) @executable_path/Frameworks @loader_path/Frameworks";
				PRODUCT_BUNDLE_IDENTIFIER = com.ameba.FlyerPlaneUITests;
				PRODUCT_NAME = "$(TARGET_NAME)";
				TEST_TARGET_NAME = FlyerPlane;
				USES_XCTRUNNER = YES;
			};
			name = Release;
		};
/* End XCBuildConfiguration section */

/* Begin XCConfigurationList section */
		C9086FFB1C842DEC00F86427 /* Build configuration list for PBXProject "FlyerPlane" */ = {
			isa = XCConfigurationList;
			buildConfigurations = (
				C90870291C842DEC00F86427 /* Debug */,
				C908702A1C842DEC00F86427 /* Release */,
			);
			defaultConfigurationIsVisible = 0;
			defaultConfigurationName = Release;
		};
		C908702B1C842DEC00F86427 /* Build configuration list for PBXNativeTarget "FlyerPlane" */ = {
			isa = XCConfigurationList;
			buildConfigurations = (
				C908702C1C842DEC00F86427 /* Debug */,
				C908702D1C842DEC00F86427 /* Release */,
			);
			defaultConfigurationIsVisible = 0;
		};
		C908702E1C842DEC00F86427 /* Build configuration list for PBXNativeTarget "FlyerPlaneTests" */ = {
			isa = XCConfigurationList;
			buildConfigurations = (
				C908702F1C842DEC00F86427 /* Debug */,
				C90870301C842DEC00F86427 /* Release */,
			);
			defaultConfigurationIsVisible = 0;
		};
		C90870311C842DEC00F86427 /* Build configuration list for PBXNativeTarget "FlyerPlaneUITests" */ = {
			isa = XCConfigurationList;
			buildConfigurations = (
				C90870321C842DEC00F86427 /* Debug */,
				C90870331C842DEC00F86427 /* Release */,
			);
			defaultConfigurationIsVisible = 0;
		};
/* End XCConfigurationList section */

/* Begin XCVersionGroup section */
		C908700A1C842DEC00F86427 /* FlyerPlane.xcdatamodeld */ = {
			isa = XCVersionGroup;
			children = (
				C908700B1C842DEC00F86427 /* FlyerPlane.xcdatamodel */,
			);
			currentVersion = C908700B1C842DEC00F86427 /* FlyerPlane.xcdatamodel */;
			path = FlyerPlane.xcdatamodeld;
			sourceTree = "<group>";
			versionGroupType = wrapper.xcdatamodel;
		};
/* End XCVersionGroup section */
	};
	rootObject = C9086FF81C842DEC00F86427 /* Project object */;
}
